
Microsoft Visual Studio Solution File, Format Version 12.00
# Visual Studio Version 17
VisualStudioVersion = 17.3.32901.215
MinimumVisualStudioVersion = 10.0.40219.1
Project("{FAE04EC0-301F-11D3-BF4B-00C04F79EFBC}") = "ConceptsPOO", "ConceptsPOO\ConceptsPOO.csproj", "{ECEEECBE-40B7-43F8-9CC4-FBF5CFBD8FAF}"
EndProject
Global
	GlobalSection(SolutionConfigurationPlatforms) = preSolution
		Debug|Any CPU = Debug|Any CPU
		Release|Any CPU = Release|Any CPU
	EndGlobalSection
	GlobalSection(ProjectConfigurationPlatforms) = postSolution
		{ECEEECBE-40B7-43F8-9CC4-FBF5CFBD8FAF}.Debug|Any CPU.ActiveCfg = Debug|Any CPU
		{ECEEECBE-40B7-43F8-9CC4-FBF5CFBD8FAF}.Debug|Any CPU.Build.0 = Debug|Any CPU
		{ECEEECBE-40B7-43F8-9CC4-FBF5CFBD8FAF}.Release|Any CPU.ActiveCfg = Release|Any CPU
		{ECEEECBE-40B7-43F8-9CC4-FBF5CFBD8FAF}.Release|Any CPU.Build.0 = Release|Any CPU
	EndGlobalSection
	GlobalSection(SolutionProperties) = preSolution
		HideSolutionNode = FALSE
	EndGlobalSection
	GlobalSection(ExtensibilityGlobals) = postSolution
		SolutionGuid = {A96874A0-13F8-49D2-AF5F-668DC6EE9636}
	EndGlobalSection
EndGlobal
